<?xml version="1.0" encoding="utf-8"?>
<Project ToolsVersion="4.0" xmlns="http://schemas.microsoft.com/developer/msbuild/2003">
  <ItemGroup>
    <Filter Include="Source Files">
      <UniqueIdentifier>{4FC737F1-C7A5-4376-A066-2A32D752A2FF}</UniqueIdentifier>
      <Extensions>cpp;c;cc;cxx;def;odl;idl;hpj;bat;asm;asmx</Extensions>
    </Filter>
    <Filter Include="Header Files">
      <UniqueIdentifier>{93995380-89BD-4b04-88EB-625FBE52EBFB}</UniqueIdentifier>
      <Extensions>h;hh;hpp;hxx;hm;inl;inc;xsd</Extensions>
    </Filter>
    <Filter Include="Resource Files">
      <UniqueIdentifier>{67DA6AB6-F800-4c08-8B7A-83BB121AAD01}</UniqueIdentifier>
      <Extensions>rc;ico;cur;bmp;dlg;rc2;rct;bin;rgs;gif;jpg;jpeg;jpe;resx;tiff;tif;png;wav;mfcribbon-ms</Extensions>
    </Filter>
    <Filter Include="Header Files\math">
      <UniqueIdentifier>{8037155d-1070-49e1-bfbd-367e7b523bd3}</UniqueIdentifier>
    </Filter>
    <Filter Include="Header Files\core">
      <UniqueIdentifier>{a468f006-5784-4f3a-9ba9-d7e78761bf2d}</UniqueIdentifier>
    </Filter>
    <Filter Include="Header Files\particle">
      <UniqueIdentifier>{b67b5c04-7f76-4022-b8df-c2c090b1bce9}</UniqueIdentifier>
    </Filter>
    <Filter Include="Source Files\particle">
      <UniqueIdentifier>{519c4d13-462f-4a2e-bc8c-33e0e2c818e1}</UniqueIdentifier>
    </Filter>
    <Filter Include="Header Files\body">
      <UniqueIdentifier>{07c5715e-1424-40e8-9716-2a25d0678cfe}</UniqueIdentifier>
    </Filter>
    <Filter Include="Source Files\body">
      <UniqueIdentifier>{0473b7f3-c065-432e-b912-bd28ffd3ba47}</UniqueIdentifier>
    </Filter>
    <Filter Include="Header Files\graphics">
      <UniqueIdentifier>{e3f2f665-0d37-4b08-9785-d9e6569ab0ab}</UniqueIdentifier>
    </Filter>
    <Filter Include="Header Files\voxel grid">
      <UniqueIdentifier>{022e7e25-9b4a-4fe7-aee6-eaaefb9b55de}</UniqueIdentifier>
    </Filter>
    <Filter Include="Source Files\graphics">
      <UniqueIdentifier>{cc709293-c855-4abe-8a02-832430fc0701}</UniqueIdentifier>
    </Filter>
    <Filter Include="Header Files\solver">
      <UniqueIdentifier>{4a649636-9911-47af-9340-320f585b7dc6}</UniqueIdentifier>
    </Filter>
    <Filter Include="Header Files\system">
      <UniqueIdentifier>{938e7577-f2d7-4b7b-9a58-f0d16a2425c1}</UniqueIdentifier>
    </Filter>
    <Filter Include="Source Files\system">
      <UniqueIdentifier>{d903f801-b088-4a7f-b097-b0977932ef58}</UniqueIdentifier>
    </Filter>
  </ItemGroup>
  <ItemGroup>
    <ClInclude Include="include\math_utilities.h">
      <Filter>Header Files\math</Filter>
    </ClInclude>
    <ClInclude Include="include\matrix.h">
      <Filter>Header Files\math</Filter>
    </ClInclude>
    <ClInclude Include="include\matrix_function.h">
      <Filter>Header Files\math</Filter>
    </ClInclude>
    <ClInclude Include="include\matrix_include.h">
      <Filter>Header Files\math</Filter>
    </ClInclude>
    <ClInclude Include="include\matrix_operators.h">
      <Filter>Header Files\math</Filter>
    </ClInclude>
    <ClInclude Include="include\matrix_storage.h">
      <Filter>Header Files\math</Filter>
    </ClInclude>
    <ClInclude Include="include\scalar.h">
      <Filter>Header Files\math</Filter>
    </ClInclude>
    <ClInclude Include="include\traits.h">
      <Filter>Header Files\core</Filter>
    </ClInclude>
    <ClInclude Include="include\constants.h">
      <Filter>Header Files\core</Filter>
    </ClInclude>
    <ClInclude Include="include\particle.h">
      <Filter>Header Files\particle</Filter>
    </ClInclude>
    <ClInclude Include="include\quaternion.h">
      <Filter>Header Files\math</Filter>
    </ClInclude>
    <ClInclude Include="include\body.h">
      <Filter>Header Files\body</Filter>
    </ClInclude>
    <ClInclude Include="include\sphere.h">
      <Filter>Header Files\body</Filter>
    </ClInclude>
    <ClInclude Include="include\sphere_graphics.h">
      <Filter>Header Files\graphics</Filter>
    </ClInclude>
    <ClInclude Include="include\voxel_grid.h">
      <Filter>Header Files\voxel grid</Filter>
    </ClInclude>
    <ClInclude Include="include\physical_properties.h">
      <Filter>Header Files\body</Filter>
    </ClInclude>
    <ClInclude Include="include\body_particles.h">
      <Filter>Header Files\particle</Filter>
    </ClInclude>
    <ClInclude Include="include\euler.h">
      <Filter>Header Files\solver</Filter>
    </ClInclude>
    <ClInclude Include="include\system.h">
      <Filter>Header Files\system</Filter>
    </ClInclude>
  </ItemGroup>
  <ItemGroup>
    <ClCompile Include="source\main.cpp">
      <Filter>Source Files</Filter>
    </ClCompile>
    <ClCompile Include="source\particle.cpp">
      <Filter>Source Files\particle</Filter>
    </ClCompile>
    <ClCompile Include="source\body.cpp">
      <Filter>Source Files\body</Filter>
    </ClCompile>
    <ClCompile Include="source\sphere.cpp">
      <Filter>Source Files\body</Filter>
    </ClCompile>
    <ClCompile Include="source\physical_properties.cpp">
      <Filter>Source Files\body</Filter>
    </ClCompile>
    <ClCompile Include="source\body_particles.cpp">
      <Filter>Source Files\particle</Filter>
    </ClCompile>
    <ClCompile Include="source\sphere_graphics.cpp">
      <Filter>Source Files\graphics</Filter>
    </ClCompile>
    <ClCompile Include="source\system.cpp">
      <Filter>Source Files\system</Filter>
    </ClCompile>
  </ItemGroup>
</Project>